
Microsoft Visual Studio Solution File, Format Version 12.00
Project("{FAE04EC0-301F-11D3-BF4B-00C04F79EFBC}") = "Fontix.UI", "Fontix.UI\Fontix.UI.csproj", "{CAB7F2FC-EC8E-49B8-91C1-A62A4D4D0BF6}"
EndProject
Project("{FAE04EC0-301F-11D3-BF4B-00C04F79EFBC}") = "Fontix.IDAL", "Fontix.IDAL\Fontix.IDAL.csproj", "{C75561A1-9FAF-437C-B1B4-33231029893D}"
EndProject
Project("{FAE04EC0-301F-11D3-BF4B-00C04F79EFBC}") = "Fontix.Models", "Fontix.Models\Fontix.Models.csproj", "{C783A1DC-E4B5-4EA0-A777-496E6CC3DBB7}"
EndProject
Project("{FAE04EC0-301F-11D3-BF4B-00C04F79EFBC}") = "Fontix.DAL", "Fontix.DAL\Fontix.DAL.csproj", "{25506EBF-5DEC-4836-A104-F4D5DFA9FEA3}"
EndProject
Project("{FAE04EC0-301F-11D3-BF4B-00C04F79EFBC}") = "Fontix.IBLL", "Fontix.IBLL\Fontix.IBLL.csproj", "{032DA3F4-E6DB-4904-BF37-92C7458D6F65}"
EndProject
Project("{FAE04EC0-301F-11D3-BF4B-00C04F79EFBC}") = "Fontix.BLL", "Fontix.BLL\Fontix.BLL.csproj", "{25CDA111-2DB0-413D-A275-A4A599C71DCC}"
EndProject
Global
	GlobalSection(SolutionConfigurationPlatforms) = preSolution
		Debug|Any CPU = Debug|Any CPU
		Release|Any CPU = Release|Any CPU
	EndGlobalSection
	GlobalSection(ProjectConfigurationPlatforms) = postSolution
		{CAB7F2FC-EC8E-49B8-91C1-A62A4D4D0BF6}.Debug|Any CPU.ActiveCfg = Debug|Any CPU
		{CAB7F2FC-EC8E-49B8-91C1-A62A4D4D0BF6}.Debug|Any CPU.Build.0 = Debug|Any CPU
		{CAB7F2FC-EC8E-49B8-91C1-A62A4D4D0BF6}.Release|Any CPU.ActiveCfg = Release|Any CPU
		{CAB7F2FC-EC8E-49B8-91C1-A62A4D4D0BF6}.Release|Any CPU.Build.0 = Release|Any CPU
		{C75561A1-9FAF-437C-B1B4-33231029893D}.Debug|Any CPU.ActiveCfg = Debug|Any CPU
		{C75561A1-9FAF-437C-B1B4-33231029893D}.Debug|Any CPU.Build.0 = Debug|Any CPU
		{C75561A1-9FAF-437C-B1B4-33231029893D}.Release|Any CPU.ActiveCfg = Release|Any CPU
		{C75561A1-9FAF-437C-B1B4-33231029893D}.Release|Any CPU.Build.0 = Release|Any CPU
		{C783A1DC-E4B5-4EA0-A777-496E6CC3DBB7}.Debug|Any CPU.ActiveCfg = Debug|Any CPU
		{C783A1DC-E4B5-4EA0-A777-496E6CC3DBB7}.Debug|Any CPU.Build.0 = Debug|Any CPU
		{C783A1DC-E4B5-4EA0-A777-496E6CC3DBB7}.Release|Any CPU.ActiveCfg = Release|Any CPU
		{C783A1DC-E4B5-4EA0-A777-496E6CC3DBB7}.Release|Any CPU.Build.0 = Release|Any CPU
		{25506EBF-5DEC-4836-A104-F4D5DFA9FEA3}.Debug|Any CPU.ActiveCfg = Debug|Any CPU
		{25506EBF-5DEC-4836-A104-F4D5DFA9FEA3}.Debug|Any CPU.Build.0 = Debug|Any CPU
		{25506EBF-5DEC-4836-A104-F4D5DFA9FEA3}.Release|Any CPU.ActiveCfg = Release|Any CPU
		{25506EBF-5DEC-4836-A104-F4D5DFA9FEA3}.Release|Any CPU.Build.0 = Release|Any CPU
		{032DA3F4-E6DB-4904-BF37-92C7458D6F65}.Debug|Any CPU.ActiveCfg = Debug|Any CPU
		{032DA3F4-E6DB-4904-BF37-92C7458D6F65}.Debug|Any CPU.Build.0 = Debug|Any CPU
		{032DA3F4-E6DB-4904-BF37-92C7458D6F65}.Release|Any CPU.ActiveCfg = Release|Any CPU
		{032DA3F4-E6DB-4904-BF37-92C7458D6F65}.Release|Any CPU.Build.0 = Release|Any CPU
		{25CDA111-2DB0-413D-A275-A4A599C71DCC}.Debug|Any CPU.ActiveCfg = Debug|Any CPU
		{25CDA111-2DB0-413D-A275-A4A599C71DCC}.Debug|Any CPU.Build.0 = Debug|Any CPU
		{25CDA111-2DB0-413D-A275-A4A599C71DCC}.Release|Any CPU.ActiveCfg = Release|Any CPU
		{25CDA111-2DB0-413D-A275-A4A599C71DCC}.Release|Any CPU.Build.0 = Release|Any CPU
	EndGlobalSection
EndGlobal
